// !$*UTF8*$!
{
	archiveVersion = 1;
	classes = {
	};
	objectVersion = 46;
	objects = {

/* Begin PBXBuildFile section */
		1B9110C01A8FC98F009C4A50 /* AppDelegate.swift in Sources */ = {isa = PBXBuildFile; fileRef = 1B9110BF1A8FC98F009C4A50 /* AppDelegate.swift */; };
		1B9110C21A8FC98F009C4A50 /* ViewController.swift in Sources */ = {isa = PBXBuildFile; fileRef = 1B9110C11A8FC98F009C4A50 /* ViewController.swift */; };
		1B9110C51A8FC98F009C4A50 /* Main.storyboard in Resources */ = {isa = PBXBuildFile; fileRef = 1B9110C31A8FC98F009C4A50 /* Main.storyboard */; };
		1B9110C71A8FC98F009C4A50 /* Images.xcassets in Resources */ = {isa = PBXBuildFile; fileRef = 1B9110C61A8FC98F009C4A50 /* Images.xcassets */; };
		1B9110CA1A8FC98F009C4A50 /* LaunchScreen.xib in Resources */ = {isa = PBXBuildFile; fileRef = 1B9110C81A8FC98F009C4A50 /* LaunchScreen.xib */; };
		1B9110D61A8FC990009C4A50 /* beta1PrestoTests.swift in Sources */ = {isa = PBXBuildFile; fileRef = 1B9110D51A8FC990009C4A50 /* beta1PrestoTests.swift */; };
/* End PBXBuildFile section */

/* Begin PBXContainerItemProxy section */
		1B9110D01A8FC990009C4A50 /* PBXContainerItemProxy */ = {
			isa = PBXContainerItemProxy;
			containerPortal = 1B9110B21A8FC98F009C4A50 /* Project object */;
			proxyType = 1;
			remoteGlobalIDString = 1B9110B91A8FC98F009C4A50;
			remoteInfo = beta1Presto;
		};
/* End PBXContainerItemProxy section */

/* Begin PBXFileReference section */
		1B9110BA1A8FC98F009C4A50 /* beta1Presto.app */ = {isa = PBXFileReference; explicitFileType = wrapper.application; includeInIndex = 0; path = beta1Presto.app; sourceTree = BUILT_PRODUCTS_DIR; };
		1B9110BE1A8FC98F009C4A50 /* Info.plist */ = {isa = PBXFileReference; lastKnownFileType = text.plist.xml; path = Info.plist; sourceTree = "<group>"; };
		1B9110BF1A8FC98F009C4A50 /* AppDelegate.swift */ = {isa = PBXFileReference; lastKnownFileType = sourcecode.swift; path = AppDelegate.swift; sourceTree = "<group>"; };
		1B9110C11A8FC98F009C4A50 /* ViewController.swift */ = {isa = PBXFileReference; lastKnownFileType = sourcecode.swift; path = ViewController.swift; sourceTree = "<group>"; };
		1B9110C41A8FC98F009C4A50 /* Base */ = {isa = PBXFileReference; lastKnownFileType = file.storyboard; name = Base; path = Base.lproj/Main.storyboard; sourceTree = "<group>"; };
		1B9110C61A8FC98F009C4A50 /* Images.xcassets */ = {isa = PBXFileReference; lastKnownFileType = folder.assetcatalog; path = Images.xcassets; sourceTree = "<group>"; };
		1B9110C91A8FC98F009C4A50 /* Base */ = {isa = PBXFileReference; lastKnownFileType = file.xib; name = Base; path = Base.lproj/LaunchScreen.xib; sourceTree = "<group>"; };
		1B9110CF1A8FC990009C4A50 /* beta1PrestoTests.xctest */ = {isa = PBXFileReference; explicitFileType = wrapper.cfbundle; includeInIndex = 0; path = beta1PrestoTests.xctest; sourceTree = BUILT_PRODUCTS_DIR; };
		1B9110D41A8FC990009C4A50 /* Info.plist */ = {isa = PBXFileReference; lastKnownFileType = text.plist.xml; path = Info.plist; sourceTree = "<group>"; };
		1B9110D51A8FC990009C4A50 /* beta1PrestoTests.swift */ = {isa = PBXFileReference; lastKnownFileType = sourcecode.swift; path = beta1PrestoTests.swift; sourceTree = "<group>"; };
/* End PBXFileReference section */

/* Begin PBXFrameworksBuildPhase section */
		1B9110B71A8FC98F009C4A50 /* Frameworks */ = {
			isa = PBXFrameworksBuildPhase;
			buildActionMask = 2147483647;
			files = (
			);
			runOnlyForDeploymentPostprocessing = 0;
		};
		1B9110CC1A8FC990009C4A50 /* Frameworks */ = {
			isa = PBXFrameworksBuildPhase;
			buildActionMask = 2147483647;
			files = (
			);
			runOnlyForDeploymentPostprocessing = 0;
		};
/* End PBXFrameworksBuildPhase section */

/* Begin PBXGroup section */
		1B9110B11A8FC98F009C4A50 = {
			isa = PBXGroup;
			children = (
				1B9110BC1A8FC98F009C4A50 /* beta1Presto */,
				1B9110D21A8FC990009C4A50 /* beta1PrestoTests */,
				1B9110BB1A8FC98F009C4A50 /* Products */,
			);
			sourceTree = "<group>";
		};
		1B9110BB1A8FC98F009C4A50 /* Products */ = {
			isa = PBXGroup;
			children = (
				1B9110BA1A8FC98F009C4A50 /* beta1Presto.app */,
				1B9110CF1A8FC990009C4A50 /* beta1PrestoTests.xctest */,
			);
			name = Products;
			sourceTree = "<group>";
		};
		1B9110BC1A8FC98F009C4A50 /* beta1Presto */ = {
			isa = PBXGroup;
			children = (
				1B9110BF1A8FC98F009C4A50 /* AppDelegate.swift */,
				1B9110C11A8FC98F009C4A50 /* ViewController.swift */,
				1B9110C31A8FC98F009C4A50 /* Main.storyboard */,
				1B9110C61A8FC98F009C4A50 /* Images.xcassets */,
				1B9110C81A8FC98F009C4A50 /* LaunchScreen.xib */,
				1B9110BD1A8FC98F009C4A50 /* Supporting Files */,
			);
			path = beta1Presto;
			sourceTree = "<group>";
		};
		1B9110BD1A8FC98F009C4A50 /* Supporting Files */ = {
			isa = PBXGroup;
			children = (
				1B9110BE1A8FC98F009C4A50 /* Info.plist */,
			);
			name = "Supporting Files";
			sourceTree = "<group>";
		};
		1B9110D21A8FC990009C4A50 /* beta1PrestoTests */ = {
			isa = PBXGroup;
			children = (
				1B9110D51A8FC990009C4A50 /* beta1PrestoTests.swift */,
				1B9110D31A8FC990009C4A50 /* Supporting Files */,
			);
			path = beta1PrestoTests;
			sourceTree = "<group>";
		};
		1B9110D31A8FC990009C4A50 /* Supporting Files */ = {
			isa = PBXGroup;
			children = (
				1B9110D41A8FC990009C4A50 /* Info.plist */,
			);
			name = "Supporting Files";
			sourceTree = "<group>";
		};
/* End PBXGroup section */

/* Begin PBXNativeTarget section */
		1B9110B91A8FC98F009C4A50 /* beta1Presto */ = {
			isa = PBXNativeTarget;
			buildConfigurationList = 1B9110D91A8FC990009C4A50 /* Build configuration list for PBXNativeTarget "beta1Presto" */;
			buildPhases = (
				1B9110B61A8FC98F009C4A50 /* Sources */,
				1B9110B71A8FC98F009C4A50 /* Frameworks */,
				1B9110B81A8FC98F009C4A50 /* Resources */,
			);
			buildRules = (
			);
			dependencies = (
			);
			name = beta1Presto;
			productName = beta1Presto;
			productReference = 1B9110BA1A8FC98F009C4A50 /* beta1Presto.app */;
			productType = "com.apple.product-type.application";
		};
		1B9110CE1A8FC990009C4A50 /* beta1PrestoTests */ = {
			isa = PBXNativeTarget;
			buildConfigurationList = 1B9110DC1A8FC990009C4A50 /* Build configuration list for PBXNativeTarget "beta1PrestoTests" */;
			buildPhases = (
				1B9110CB1A8FC990009C4A50 /* Sources */,
				1B9110CC1A8FC990009C4A50 /* Frameworks */,
				1B9110CD1A8FC990009C4A50 /* Resources */,
			);
			buildRules = (
			);
			dependencies = (
				1B9110D11A8FC990009C4A50 /* PBXTargetDependency */,
			);
			name = beta1PrestoTests;
			productName = beta1PrestoTests;
			productReference = 1B9110CF1A8FC990009C4A50 /* beta1PrestoTests.xctest */;
			productType = "com.apple.product-type.bundle.unit-test";
		};
/* End PBXNativeTarget section */

/* Begin PBXProject section */
		1B9110B21A8FC98F009C4A50 /* Project object */ = {
			isa = PBXProject;
			attributes = {
				LastUpgradeCheck = 0610;
				ORGANIZATIONNAME = "___BrowneBusinessgroup___";
				TargetAttributes = {
					1B9110B91A8FC98F009C4A50 = {
						CreatedOnToolsVersion = 6.1.1;
					};
					1B9110CE1A8FC990009C4A50 = {
						CreatedOnToolsVersion = 6.1.1;
						TestTargetID = 1B9110B91A8FC98F009C4A50;
					};
				};
			};
			buildConfigurationList = 1B9110B51A8FC98F009C4A50 /* Build configuration list for PBXProject "beta1Presto" */;
			compatibilityVersion = "Xcode 3.2";
			developmentRegion = English;
			hasScannedForEncodings = 0;
			knownRegions = (
				en,
				Base,
			);
			mainGroup = 1B9110B11A8FC98F009C4A50;
			productRefGroup = 1B9110BB1A8FC98F009C4A50 /* Products */;
			projectDirPath = "";
			projectRoot = "";
			targets = (
				1B9110B91A8FC98F009C4A50 /* beta1Presto */,
				1B9110CE1A8FC990009C4A50 /* beta1PrestoTests */,
			);
		};
/* End PBXProject section */

/* Begin PBXResourcesBuildPhase section */
		1B9110B81A8FC98F009C4A50 /* Resources */ = {
			isa = PBXResourcesBuildPhase;
			buildActionMask = 2147483647;
			files = (
				1B9110C51A8FC98F009C4A50 /* Main.storyboard in Resources */,
				1B9110CA1A8FC98F009C4A50 /* LaunchScreen.xib in Resources */,
				1B9110C71A8FC98F009C4A50 /* Images.xcassets in Resources */,
			);
			runOnlyForDeploymentPostprocessing = 0;
		};
		1B9110CD1A8FC990009C4A50 /* Resources */ = {
			isa = PBXResourcesBuildPhase;
			buildActionMask = 2147483647;
			files = (
			);
			runOnlyForDeploymentPostprocessing = 0;
		};
/* End PBXResourcesBuildPhase section */

/* Begin PBXSourcesBuildPhase section */
		1B9110B61A8FC98F009C4A50 /* Sources */ = {
			isa = PBXSourcesBuildPhase;
			buildActionMask = 2147483647;
			files = (
				1B9110C21A8FC98F009C4A50 /* ViewController.swift in Sources */,
				1B9110C01A8FC98F009C4A50 /* AppDelegate.swift in Sources */,
			);
			runOnlyForDeploymentPostprocessing = 0;
		};
		1B9110CB1A8FC990009C4A50 /* Sources */ = {
			isa = PBXSourcesBuildPhase;
			buildActionMask = 2147483647;
			files = (
				1B9110D61A8FC990009C4A50 /* beta1PrestoTests.swift in Sources */,
			);
			runOnlyForDeploymentPostprocessing = 0;
		};
/* End PBXSourcesBuildPhase section */

/* Begin PBXTargetDependency section */
		1B9110D11A8FC990009C4A50 /* PBXTargetDependency */ = {
			isa = PBXTargetDependency;
			target = 1B9110B91A8FC98F009C4A50 /* beta1Presto */;
			targetProxy = 1B9110D01A8FC990009C4A50 /* PBXContainerItemProxy */;
		};
/* End PBXTargetDependency section */

/* Begin PBXVariantGroup section */
		1B9110C31A8FC98F009C4A50 /* Main.storyboard */ = {
			isa = PBXVariantGroup;
			children = (
				1B9110C41A8FC98F009C4A50 /* Base */,
			);
			name = Main.storyboard;
			sourceTree = "<group>";
		};
		1B9110C81A8FC98F009C4A50 /* LaunchScreen.xib */ = {
			isa = PBXVariantGroup;
			children = (
				1B9110C91A8FC98F009C4A50 /* Base */,
			);
			name = LaunchScreen.xib;
			sourceTree = "<group>";
		};
/* End PBXVariantGroup section */

/* Begin XCBuildConfiguration section */
		1B9110D71A8FC990009C4A50 /* Debug */ = {
			isa = XCBuildConfiguration;
			buildSettings = {
				ALWAYS_SEARCH_USER_PATHS = NO;
				CLANG_CXX_LANGUAGE_STANDARD = "gnu++0x";
				CLANG_CXX_LIBRARY = "libc++";
				CLANG_ENABLE_MODULES = YES;
				CLANG_ENABLE_OBJC_ARC = YES;
				CLANG_WARN_BOOL_CONVERSION = YES;
				CLANG_WARN_CONSTANT_CONVERSION = YES;
				CLANG_WARN_DIRECT_OBJC_ISA_USAGE = YES_ERROR;
				CLANG_WARN_EMPTY_BODY = YES;
				CLANG_WARN_ENUM_CONVERSION = YES;
				CLANG_WARN_INT_CONVERSION = YES;
				CLANG_WARN_OBJC_ROOT_CLASS = YES_ERROR;
				CLANG_WARN_UNREACHABLE_CODE = YES;
				CLANG_WARN__DUPLICATE_METHOD_MATCH = YES;
				"CODE_SIGN_IDENTITY[sdk=iphoneos*]" = "iPhone Developer";
				COPY_PHASE_STRIP = NO;
				ENABLE_STRICT_OBJC_MSGSEND = YES;
				GCC_C_LANGUAGE_STANDARD = gnu99;
				GCC_DYNAMIC_NO_PIC = NO;
				GCC_OPTIMIZATION_LEVEL = 0;
				GCC_PREPROCESSOR_DEFINITIONS = (
					"DEBUG=1",
					"$(inherited)",
				);
				GCC_SYMBOLS_PRIVATE_EXTERN = NO;
				GCC_WARN_64_TO_32_BIT_CONVERSION = YES;
				GCC_WARN_ABOUT_RETURN_TYPE = YES_ERROR;
				GCC_WARN_UNDECLARED_SELECTOR = YES;
				GCC_WARN_UNINITIALIZED_AUTOS = YES_AGGRESSIVE;
				GCC_WARN_UNUSED_FUNCTION = YES;
				GCC_WARN_UNUSED_VARIABLE = YES;
				IPHONEOS_DEPLOYMENT_TARGET = 8.1;
				MTL_ENABLE_DEBUG_INFO = YES;
				ONLY_ACTIVE_ARCH = YES;
				SDKROOT = iphoneos;
				SWIFT_OPTIMIZATION_LEVEL = "-Onone";
			};
			name = Debug;
		};
		1B9110D81A8FC990009C4A50 /* Release */ = {
			isa = XCBuildConfiguration;
			buildSettings = {
				ALWAYS_SEARCH_USER_PATHS = NO;
				CLANG_CXX_LANGUAGE_STANDARD = "gnu++0x";
				CLANG_CXX_LIBRARY = "libc++";
				CLANG_ENABLE_MODULES = YES;
				CLANG_ENABLE_OBJC_ARC = YES;
				CLANG_WARN_BOOL_CONVERSION = YES;
				CLANG_WARN_CONSTANT_CONVERSION = YES;
				CLANG_WARN_DIRECT_OBJC_ISA_USAGE = YES_ERROR;
				CLANG_WARN_EMPTY_BODY = YES;
				CLANG_WARN_ENUM_CONVERSION = YES;
				CLANG_WARN_INT_CONVERSION = YES;
				CLANG_WARN_OBJC_ROOT_CLASS = YES_ERROR;
				CLANG_WARN_UNREACHABLE_CODE = YES;
				CLANG_WARN__DUPLICATE_METHOD_MATCH = YES;
				"CODE_SIGN_IDENTITY[sdk=iphoneos*]" = "iPhone Developer";
				COPY_PHASE_STRIP = YES;
				ENABLE_NS_ASSERTIONS = NO;
				ENABLE_STRICT_OBJC_MSGSEND = YES;
				GCC_C_LANGUAGE_STANDARD = gnu99;
				GCC_WARN_64_TO_32_BIT_CONVERSION = YES;
				GCC_WARN_ABOUT_RETURN_TYPE = YES_ERROR;
				GCC_WARN_UNDECLARED_SELECTOR = YES;
				GCC_WARN_UNINITIALIZED_AUTOS = YES_AGGRESSIVE;
				GCC_WARN_UNUSED_FUNCTION = YES;
				GCC_WARN_UNUSED_VARIABLE = YES;
				IPHONEOS_DEPLOYMENT_TARGET = 8.1;
				MTL_ENABLE_DEBUG_INFO = NO;
				SDKROOT = iphoneos;
				VALIDATE_PRODUCT = YES;
			};
			name = Release;
		};
		1B9110DA1A8FC990009C4A50 /* Debug */ = {
			isa = XCBuildConfiguration;
			buildSettings = {
				ASSETCATALOG_COMPILER_APPICON_NAME = AppIcon;
				INFOPLIST_FILE = beta1Presto/Info.plist;
				LD_RUNPATH_SEARCH_PATHS = "$(inherited) @executable_path/Frameworks";
				PRODUCT_NAME = "$(TARGET_NAME)";
			};
			name = Debug;
		};
		1B9110DB1A8FC990009C4A50 /* Release */ = {
			isa = XCBuildConfiguration;
			buildSettings = {
				ASSETCATALOG_COMPILER_APPICON_NAME = AppIcon;
				INFOPLIST_FILE = beta1Presto/Info.plist;
				LD_RUNPATH_SEARCH_PATHS = "$(inherited) @executable_path/Frameworks";
				PRODUCT_NAME = "$(TARGET_NAME)";
			};
			name = Release;
		};
		1B9110DD1A8FC990009C4A50 /* Debug */ = {
			isa = XCBuildConfiguration;
			buildSettings = {
				BUNDLE_LOADER = "$(TEST_HOST)";
				FRAMEWORK_SEARCH_PATHS = (
					"$(SDKROOT)/Developer/Library/Frameworks",
					"$(inherited)",
				);
				GCC_PREPROCESSOR_DEFINITIONS = (
					"DEBUG=1",
					"$(inherited)",
				);
				INFOPLIST_FILE = beta1PrestoTests/Info.plist;
				LD_RUNPATH_SEARCH_PATHS = "$(inherited) @executable_path/Frameworks @loader_path/Frameworks";
				PRODUCT_NAME = "$(TARGET_NAME)";
				TEST_HOST = "$(BUILT_PRODUCTS_DIR)/beta1Presto.app/beta1Presto";
			};
			name = Debug;
		};
		1B9110DE1A8FC990009C4A50 /* Release */ = {
			isa = XCBuildConfiguration;
			buildSettings = {
				BUNDLE_LOADER = "$(TEST_HOST)";
				FRAMEWORK_SEARCH_PATHS = (
					"$(SDKROOT)/Developer/Library/Frameworks",
					"$(inherited)",
				);
				INFOPLIST_FILE = beta1PrestoTests/Info.plist;
				LD_RUNPATH_SEARCH_PATHS = "$(inherited) @executable_path/Frameworks @loader_path/Frameworks";
				PRODUCT_NAME = "$(TARGET_NAME)";
				TEST_HOST = "$(BUILT_PRODUCTS_DIR)/beta1Presto.app/beta1Presto";
			};
			name = Release;
		};
/* End XCBuildConfiguration section */

/* Begin XCConfigurationList section */
		1B9110B51A8FC98F009C4A50 /* Build configuration list for PBXProject "beta1Presto" */ = {
			isa = XCConfigurationList;
			buildConfigurations = (
				1B9110D71A8FC990009C4A50 /* Debug */,
				1B9110D81A8FC990009C4A50 /* Release */,
			);
			defaultConfigurationIsVisible = 0;
			defaultConfigurationName = Release;
		};
		1B9110D91A8FC990009C4A50 /* Build configuration list for PBXNativeTarget "beta1Presto" */ = {
			isa = XCConfigurationList;
			buildConfigurations = (
				1B9110DA1A8FC990009C4A50 /* Debug */,
				1B9110DB1A8FC990009C4A50 /* Release */,
			);
			defaultConfigurationIsVisible = 0;
		};
		1B9110DC1A8FC990009C4A50 /* Build configuration list for PBXNativeTarget "beta1PrestoTests" */ = {
			isa = XCConfigurationList;
			buildConfigurations = (
				1B9110DD1A8FC990009C4A50 /* Debug */,
				1B9110DE1A8FC990009C4A50 /* Release */,
			);
			defaultConfigurationIsVisible = 0;
		};
/* End XCConfigurationList section */
	};
	rootObject = 1B9110B21A8FC98F009C4A50 /* Project object */;
}
